
Microsoft Visual Studio Solution File, Format Version 12.00
# Visual Studio Version 16
VisualStudioVersion = 16.0.31112.23
MinimumVisualStudioVersion = 10.0.40219.1
Project("{FAE04EC0-301F-11D3-BF4B-00C04F79EFBC}") = "AmbevTechTest.TestOne", "AmbevTechTest.TestOne\AmbevTechTest.TestOne.csproj", "{63F7E17D-4D10-467B-AF5E-4BBE11898337}"
EndProject
Project("{FAE04EC0-301F-11D3-BF4B-00C04F79EFBC}") = "AmbevTechTest.TestTwo", "AmbevTechTest.TestTwo\AmbevTechTest.TestTwo.csproj", "{64732477-67D3-4A82-B985-3A7BF25BF024}"
EndProject
Project("{FAE04EC0-301F-11D3-BF4B-00C04F79EFBC}") = "AmbevTechTest.TestThree", "AmbevTechTest.TestThree\AmbevTechTest.TestThree.csproj", "{0C032E5A-1C0B-4D5C-B26C-771DE5EF0019}"
EndProject
Project("{FAE04EC0-301F-11D3-BF4B-00C04F79EFBC}") = "AmbevTechTest.TestFour", "AmbevTechTest.TestFour\AmbevTechTest.TestFour.csproj", "{095962B7-5188-41E4-B16D-CD99F5EA7502}"
EndProject
Project("{FAE04EC0-301F-11D3-BF4B-00C04F79EFBC}") = "AmbevTechTest.TestFive", "AmbevTechTest.TestFive\AmbevTechTest.TestFive.csproj", "{C78D9CE5-FC46-4A90-AED3-9EA90CBF1512}"
EndProject
Global
	GlobalSection(SolutionConfigurationPlatforms) = preSolution
		Debug|Any CPU = Debug|Any CPU
		Release|Any CPU = Release|Any CPU
	EndGlobalSection
	GlobalSection(ProjectConfigurationPlatforms) = postSolution
		{63F7E17D-4D10-467B-AF5E-4BBE11898337}.Debug|Any CPU.ActiveCfg = Debug|Any CPU
		{63F7E17D-4D10-467B-AF5E-4BBE11898337}.Debug|Any CPU.Build.0 = Debug|Any CPU
		{63F7E17D-4D10-467B-AF5E-4BBE11898337}.Release|Any CPU.ActiveCfg = Release|Any CPU
		{63F7E17D-4D10-467B-AF5E-4BBE11898337}.Release|Any CPU.Build.0 = Release|Any CPU
		{64732477-67D3-4A82-B985-3A7BF25BF024}.Debug|Any CPU.ActiveCfg = Debug|Any CPU
		{64732477-67D3-4A82-B985-3A7BF25BF024}.Debug|Any CPU.Build.0 = Debug|Any CPU
		{64732477-67D3-4A82-B985-3A7BF25BF024}.Release|Any CPU.ActiveCfg = Release|Any CPU
		{64732477-67D3-4A82-B985-3A7BF25BF024}.Release|Any CPU.Build.0 = Release|Any CPU
		{0C032E5A-1C0B-4D5C-B26C-771DE5EF0019}.Debug|Any CPU.ActiveCfg = Debug|Any CPU
		{0C032E5A-1C0B-4D5C-B26C-771DE5EF0019}.Debug|Any CPU.Build.0 = Debug|Any CPU
		{0C032E5A-1C0B-4D5C-B26C-771DE5EF0019}.Release|Any CPU.ActiveCfg = Release|Any CPU
		{0C032E5A-1C0B-4D5C-B26C-771DE5EF0019}.Release|Any CPU.Build.0 = Release|Any CPU
		{095962B7-5188-41E4-B16D-CD99F5EA7502}.Debug|Any CPU.ActiveCfg = Debug|Any CPU
		{095962B7-5188-41E4-B16D-CD99F5EA7502}.Debug|Any CPU.Build.0 = Debug|Any CPU
		{095962B7-5188-41E4-B16D-CD99F5EA7502}.Release|Any CPU.ActiveCfg = Release|Any CPU
		{095962B7-5188-41E4-B16D-CD99F5EA7502}.Release|Any CPU.Build.0 = Release|Any CPU
		{C78D9CE5-FC46-4A90-AED3-9EA90CBF1512}.Debug|Any CPU.ActiveCfg = Debug|Any CPU
		{C78D9CE5-FC46-4A90-AED3-9EA90CBF1512}.Debug|Any CPU.Build.0 = Debug|Any CPU
		{C78D9CE5-FC46-4A90-AED3-9EA90CBF1512}.Release|Any CPU.ActiveCfg = Release|Any CPU
		{C78D9CE5-FC46-4A90-AED3-9EA90CBF1512}.Release|Any CPU.Build.0 = Release|Any CPU
	EndGlobalSection
	GlobalSection(SolutionProperties) = preSolution
		HideSolutionNode = FALSE
	EndGlobalSection
	GlobalSection(ExtensibilityGlobals) = postSolution
		SolutionGuid = {0A1361AA-502C-42AC-87EF-E3438C8AC6DC}
	EndGlobalSection
EndGlobal
